
Microsoft Visual Studio Solution File, Format Version 12.00
# Visual Studio Version 16
VisualStudioVersion = 16.0.34031.81
MinimumVisualStudioVersion = 10.0.40219.1
Project("{FAE04EC0-301F-11D3-BF4B-00C04F79EFBC}") = "MinhHoa01", "MinhHoa01\MinhHoa01.csproj", "{97580E63-53A8-419E-ABE4-80C37EAF06F7}"
EndProject
Project("{FAE04EC0-301F-11D3-BF4B-00C04F79EFBC}") = "BaiTap2", "BaiTap2\BaiTap2.csproj", "{C736C399-9F33-4E2D-87FA-3B4DF67986D2}"
EndProject
Global
	GlobalSection(SolutionConfigurationPlatforms) = preSolution
		Debug|Any CPU = Debug|Any CPU
		Release|Any CPU = Release|Any CPU
	EndGlobalSection
	GlobalSection(ProjectConfigurationPlatforms) = postSolution
		{97580E63-53A8-419E-ABE4-80C37EAF06F7}.Debug|Any CPU.ActiveCfg = Debug|Any CPU
		{97580E63-53A8-419E-ABE4-80C37EAF06F7}.Debug|Any CPU.Build.0 = Debug|Any CPU
		{97580E63-53A8-419E-ABE4-80C37EAF06F7}.Release|Any CPU.ActiveCfg = Release|Any CPU
		{97580E63-53A8-419E-ABE4-80C37EAF06F7}.Release|Any CPU.Build.0 = Release|Any CPU
		{C736C399-9F33-4E2D-87FA-3B4DF67986D2}.Debug|Any CPU.ActiveCfg = Debug|Any CPU
		{C736C399-9F33-4E2D-87FA-3B4DF67986D2}.Debug|Any CPU.Build.0 = Debug|Any CPU
		{C736C399-9F33-4E2D-87FA-3B4DF67986D2}.Release|Any CPU.ActiveCfg = Release|Any CPU
		{C736C399-9F33-4E2D-87FA-3B4DF67986D2}.Release|Any CPU.Build.0 = Release|Any CPU
	EndGlobalSection
	GlobalSection(SolutionProperties) = preSolution
		HideSolutionNode = FALSE
	EndGlobalSection
	GlobalSection(ExtensibilityGlobals) = postSolution
		SolutionGuid = {22322862-5437-4007-A087-FEA3FA2DDB82}
	EndGlobalSection
EndGlobal
